# This file is automatically @generated by Cargo.
# It is not intended for manual editing.
version = 4

[[package]]
name = "analysis-passes"
version = "0.1.0"
dependencies = [
 "decompiler-core",
 "ir-pcode",
]

[[package]]
name = "arch-arm"
version = "0.1.0"
dependencies = [
 "decompiler-core",
 "ir-pcode",
]

[[package]]
name = "arch-x86"
version = "0.1.0"
dependencies = [
 "decompiler-core",
 "ir-pcode",
]

[[package]]
name = "decompiler-cli"
version = "0.1.0"
dependencies = [
 "analysis-passes",
 "arch-arm",
 "arch-x86",
 "decompiler-core",
 "ir-pcode",
 "output-c",
]

[[package]]
name = "decompiler-core"
version = "0.1.0"
dependencies = [
 "ir-pcode",
]

[[package]]
name = "ir-pcode"
version = "0.1.0"

[[package]]
name = "output-c"
version = "0.1.0"
dependencies = [
 "analysis-passes",
 "decompiler-core",
 "ir-pcode",
]
